{
  "version": "5",
  "specifiers": {
    "jsr:@std/assert@^1.0.13": "1.0.13",
    "jsr:@std/internal@^1.0.6": "1.0.8",
    "npm:@types/css-tree@^2.3.10": "2.3.10",
    "npm:css-tree@^3.1.0": "3.1.0"
  },
  "jsr": {
    "@std/assert@1.0.13": {
      "integrity": "ae0d31e41919b12c656c742b22522c32fb26ed0cba32975cb0de2a273cb68b29",
      "dependencies": [
        "jsr:@std/internal"
      ]
    },
    "@std/internal@1.0.8": {
      "integrity": "fc66e846d8d38a47cffd274d80d2ca3f0de71040f855783724bb6b87f60891f5"
    }
  },
  "npm": {
    "@types/css-tree@2.3.10": {
      "integrity": "sha512-WcaBazJ84RxABvRttQjjFWgTcHvZR9jGr0Y3hccPkHjFyk/a3N8EuxjKr+QfrwjoM5b1yI1Uj1i7EzOAAwBwag=="
    },
    "css-tree@3.1.0": {
      "integrity": "sha512-0eW44TGN5SQXU1mWSkKwFstI/22X2bG1nYzZTYMAWjylYURhse752YgbE4Cx46AC+bAvI+/dYTPRk1LqSUnu6w==",
      "dependencies": [
        "mdn-data",
        "source-map-js"
      ]
    },
    "mdn-data@2.12.2": {
      "integrity": "sha512-IEn+pegP1aManZuckezWCO+XZQDplx1366JoVhTpMpBB1sPey/SbveZQUosKiKiGYjg1wH4pMlNgXbCiYgihQA=="
    },
    "source-map-js@1.2.1": {
      "integrity": "sha512-UXWMKhLOwVKb728IUtQPXxfYU+usdybtUrK/8uGE8CQMvrhOpwvzDBwj0QhSL7MQc7vIsISBG8VQ8+IDQxpfQA=="
    }
  },
  "workspace": {
    "dependencies": [
      "jsr:@std/assert@^1.0.13",
      "npm:@types/css-tree@^2.3.10",
      "npm:css-tree@^3.1.0"
    ]
  }
}
